
Microsoft Visual Studio Solution File, Format Version 12.00
# Visual Studio Version 17
VisualStudioVersion = 17.7.34018.315
MinimumVisualStudioVersion = 10.0.40219.1
Project("{9A19103F-16F7-4668-BE54-9A1E7A4F7556}") = "GameOfLife", "GameOfLife\GameOfLife.csproj", "{BE0C8C08-99AC-48C7-A3B1-0FDF99DC1018}"
EndProject
Global
	GlobalSection(SolutionConfigurationPlatforms) = preSolution
		Debug|Any CPU = Debug|Any CPU
		Release|Any CPU = Release|Any CPU
	EndGlobalSection
	GlobalSection(ProjectConfigurationPlatforms) = postSolution
		{BE0C8C08-99AC-48C7-A3B1-0FDF99DC1018}.Debug|Any CPU.ActiveCfg = Debug|Any CPU
		{BE0C8C08-99AC-48C7-A3B1-0FDF99DC1018}.Debug|Any CPU.Build.0 = Debug|Any CPU
		{BE0C8C08-99AC-48C7-A3B1-0FDF99DC1018}.Release|Any CPU.ActiveCfg = Release|Any CPU
		{BE0C8C08-99AC-48C7-A3B1-0FDF99DC1018}.Release|Any CPU.Build.0 = Release|Any CPU
	EndGlobalSection
	GlobalSection(SolutionProperties) = preSolution
		HideSolutionNode = FALSE
	EndGlobalSection
	GlobalSection(ExtensibilityGlobals) = postSolution
		SolutionGuid = {778A7927-B10C-4A73-AFB6-9C63129BC170}
	EndGlobalSection
EndGlobal
